// !$*UTF8*$!
{
	archiveVersion = 1;
	classes = {
	};
	objectVersion = 46;
	objects = {

/* Begin PBXBuildFile section */
		A313CB59185BCF70001D3093 /* GLUT.framework in Frameworks */ = {isa = PBXBuildFile; fileRef = A313CB58185BCF70001D3093 /* GLUT.framework */; };
		A313CB61185E18DF001D3093 /* MyOpenGLView.m in Sources */ = {isa = PBXBuildFile; fileRef = A313CB60185E18DF001D3093 /* MyOpenGLView.m */; };
		A313CB64185E18E9001D3093 /* Mat4.m in Sources */ = {isa = PBXBuildFile; fileRef = A313CB63185E18E9001D3093 /* Mat4.m */; };
		A313CB71185E1918001D3093 /* AppDelegate.m in Sources */ = {isa = PBXBuildFile; fileRef = A313CB6F185E1918001D3093 /* AppDelegate.m */; };
		A313CB72185E1918001D3093 /* main.m in Sources */ = {isa = PBXBuildFile; fileRef = A313CB70185E1918001D3093 /* main.m */; };
		A313CB75185E1971001D3093 /* Shader.m in Sources */ = {isa = PBXBuildFile; fileRef = A313CB74185E1971001D3093 /* Shader.m */; };
		A313CB7A185E1CE9001D3093 /* MainMenu.xib in Resources */ = {isa = PBXBuildFile; fileRef = A313CB78185E1C15001D3093 /* MainMenu.xib */; };
		A313CB7B185E1E42001D3093 /* Simple.fs in Resources */ = {isa = PBXBuildFile; fileRef = A313CB65185E18F9001D3093 /* Simple.fs */; };
		A313CB7C185E1E42001D3093 /* Simple.vs in Resources */ = {isa = PBXBuildFile; fileRef = A313CB66185E18F9001D3093 /* Simple.vs */; };
		A313CB84185E266B001D3093 /* Queue.m in Sources */ = {isa = PBXBuildFile; fileRef = A313CB81185E266B001D3093 /* Queue.m */; };
		A313CB87185E282D001D3093 /* GLObject.m in Sources */ = {isa = PBXBuildFile; fileRef = A313CB86185E282D001D3093 /* GLObject.m */; };
		A313CB89185E3411001D3093 /* TestMat4.m in Sources */ = {isa = PBXBuildFile; fileRef = A313CB88185E3411001D3093 /* TestMat4.m */; };
		A33414781866256A00B10BC4 /* libm.dylib in Frameworks */ = {isa = PBXBuildFile; fileRef = A33414771866256A00B10BC4 /* libm.dylib */; };
		A37A607D1847ACF4005CC02C /* Cocoa.framework in Frameworks */ = {isa = PBXBuildFile; fileRef = A37A607C1847ACF4005CC02C /* Cocoa.framework */; };
		A37A60871847ACF4005CC02C /* InfoPlist.strings in Resources */ = {isa = PBXBuildFile; fileRef = A37A60851847ACF4005CC02C /* InfoPlist.strings */; };
		A37A608D1847ACF4005CC02C /* Credits.rtf in Resources */ = {isa = PBXBuildFile; fileRef = A37A608B1847ACF4005CC02C /* Credits.rtf */; };
		A37A60951847ACF4005CC02C /* Images.xcassets in Resources */ = {isa = PBXBuildFile; fileRef = A37A60941847ACF4005CC02C /* Images.xcassets */; };
		A37A609C1847ACF4005CC02C /* XCTest.framework in Frameworks */ = {isa = PBXBuildFile; fileRef = A37A609B1847ACF4005CC02C /* XCTest.framework */; };
		A37A609D1847ACF4005CC02C /* Cocoa.framework in Frameworks */ = {isa = PBXBuildFile; fileRef = A37A607C1847ACF4005CC02C /* Cocoa.framework */; };
		A37A60A51847ACF4005CC02C /* InfoPlist.strings in Resources */ = {isa = PBXBuildFile; fileRef = A37A60A31847ACF4005CC02C /* InfoPlist.strings */; };
		A37A60A71847ACF4005CC02C /* Golden_TriangleTests.m in Sources */ = {isa = PBXBuildFile; fileRef = A37A60A61847ACF4005CC02C /* Golden_TriangleTests.m */; };
		A37A60B11847AD03005CC02C /* OpenGL.framework in Frameworks */ = {isa = PBXBuildFile; fileRef = A37A60B01847AD03005CC02C /* OpenGL.framework */; };
/* End PBXBuildFile section */

/* Begin PBXContainerItemProxy section */
		A37A609E1847ACF4005CC02C /* PBXContainerItemProxy */ = {
			isa = PBXContainerItemProxy;
			containerPortal = A37A60711847ACF4005CC02C /* Project object */;
			proxyType = 1;
			remoteGlobalIDString = A37A60781847ACF4005CC02C;
			remoteInfo = "Golden Triangle";
		};
/* End PBXContainerItemProxy section */

/* Begin PBXFileReference section */
		A313CB58185BCF70001D3093 /* GLUT.framework */ = {isa = PBXFileReference; lastKnownFileType = wrapper.framework; name = GLUT.framework; path = System/Library/Frameworks/GLUT.framework; sourceTree = SDKROOT; };
		A313CB5F185E18DF001D3093 /* MyOpenGLView.h */ = {isa = PBXFileReference; fileEncoding = 4; lastKnownFileType = sourcecode.c.h; name = MyOpenGLView.h; path = View/MyOpenGLView.h; sourceTree = "<group>"; };
		A313CB60185E18DF001D3093 /* MyOpenGLView.m */ = {isa = PBXFileReference; fileEncoding = 4; lastKnownFileType = sourcecode.c.objc; name = MyOpenGLView.m; path = View/MyOpenGLView.m; sourceTree = "<group>"; };
		A313CB62185E18E9001D3093 /* Mat4.h */ = {isa = PBXFileReference; fileEncoding = 4; lastKnownFileType = sourcecode.c.h; name = Mat4.h; path = Math/Mat4.h; sourceTree = "<group>"; };
		A313CB63185E18E9001D3093 /* Mat4.m */ = {isa = PBXFileReference; fileEncoding = 4; lastKnownFileType = sourcecode.c.objc; name = Mat4.m; path = Math/Mat4.m; sourceTree = "<group>"; };
		A313CB65185E18F9001D3093 /* Simple.fs */ = {isa = PBXFileReference; fileEncoding = 4; lastKnownFileType = sourcecode.glsl; path = Simple.fs; sourceTree = "<group>"; };
		A313CB66185E18F9001D3093 /* Simple.vs */ = {isa = PBXFileReference; fileEncoding = 4; lastKnownFileType = sourcecode.glsl; path = Simple.vs; sourceTree = "<group>"; };
		A313CB6E185E1918001D3093 /* AppDelegate.h */ = {isa = PBXFileReference; fileEncoding = 4; lastKnownFileType = sourcecode.c.h; path = AppDelegate.h; sourceTree = "<group>"; };
		A313CB6F185E1918001D3093 /* AppDelegate.m */ = {isa = PBXFileReference; fileEncoding = 4; lastKnownFileType = sourcecode.c.objc; path = AppDelegate.m; sourceTree = "<group>"; };
		A313CB70185E1918001D3093 /* main.m */ = {isa = PBXFileReference; fileEncoding = 4; lastKnownFileType = sourcecode.c.objc; path = main.m; sourceTree = "<group>"; };
		A313CB73185E1971001D3093 /* Shader.h */ = {isa = PBXFileReference; fileEncoding = 4; lastKnownFileType = sourcecode.c.h; path = Shader.h; sourceTree = "<group>"; };
		A313CB74185E1971001D3093 /* Shader.m */ = {isa = PBXFileReference; fileEncoding = 4; lastKnownFileType = sourcecode.c.objc; path = Shader.m; sourceTree = "<group>"; };
		A313CB78185E1C15001D3093 /* MainMenu.xib */ = {isa = PBXFileReference; fileEncoding = 4; lastKnownFileType = file.xib; path = MainMenu.xib; sourceTree = "<group>"; };
		A313CB80185E266B001D3093 /* Queue.h */ = {isa = PBXFileReference; fileEncoding = 4; lastKnownFileType = sourcecode.c.h; path = Queue.h; sourceTree = "<group>"; };
		A313CB81185E266B001D3093 /* Queue.m */ = {isa = PBXFileReference; fileEncoding = 4; lastKnownFileType = sourcecode.c.objc; path = Queue.m; sourceTree = "<group>"; };
		A313CB85185E282D001D3093 /* GLObject.h */ = {isa = PBXFileReference; fileEncoding = 4; lastKnownFileType = sourcecode.c.h; path = GLObject.h; sourceTree = "<group>"; };
		A313CB86185E282D001D3093 /* GLObject.m */ = {isa = PBXFileReference; fileEncoding = 4; lastKnownFileType = sourcecode.c.objc; path = GLObject.m; sourceTree = "<group>"; };
		A313CB88185E3411001D3093 /* TestMat4.m */ = {isa = PBXFileReference; fileEncoding = 4; lastKnownFileType = sourcecode.c.objc; name = TestMat4.m; path = "Golden Triangle/Tests/TestMat4.m"; sourceTree = SOURCE_ROOT; };
		A33414751866255300B10BC4 /* libmathCommon.dylib */ = {isa = PBXFileReference; lastKnownFileType = "compiled.mach-o.dylib"; name = libmathCommon.dylib; path = usr/lib/system/libmathCommon.dylib; sourceTree = SDKROOT; };
		A33414771866256A00B10BC4 /* libm.dylib */ = {isa = PBXFileReference; lastKnownFileType = "compiled.mach-o.dylib"; name = libm.dylib; path = usr/lib/libm.dylib; sourceTree = SDKROOT; };
		A37A60791847ACF4005CC02C /* Golden Triangle.app */ = {isa = PBXFileReference; explicitFileType = wrapper.application; includeInIndex = 0; path = "Golden Triangle.app"; sourceTree = BUILT_PRODUCTS_DIR; };
		A37A607C1847ACF4005CC02C /* Cocoa.framework */ = {isa = PBXFileReference; lastKnownFileType = wrapper.framework; name = Cocoa.framework; path = System/Library/Frameworks/Cocoa.framework; sourceTree = SDKROOT; };
		A37A607F1847ACF4005CC02C /* AppKit.framework */ = {isa = PBXFileReference; lastKnownFileType = wrapper.framework; name = AppKit.framework; path = System/Library/Frameworks/AppKit.framework; sourceTree = SDKROOT; };
		A37A60801847ACF4005CC02C /* CoreData.framework */ = {isa = PBXFileReference; lastKnownFileType = wrapper.framework; name = CoreData.framework; path = System/Library/Frameworks/CoreData.framework; sourceTree = SDKROOT; };
		A37A60811847ACF4005CC02C /* Foundation.framework */ = {isa = PBXFileReference; lastKnownFileType = wrapper.framework; name = Foundation.framework; path = System/Library/Frameworks/Foundation.framework; sourceTree = SDKROOT; };
		A37A60841847ACF4005CC02C /* Golden Triangle-Info.plist */ = {isa = PBXFileReference; lastKnownFileType = text.plist.xml; path = "Golden Triangle-Info.plist"; sourceTree = "<group>"; };
		A37A60861847ACF4005CC02C /* en */ = {isa = PBXFileReference; lastKnownFileType = text.plist.strings; name = en; path = en.lproj/InfoPlist.strings; sourceTree = "<group>"; };
		A37A608A1847ACF4005CC02C /* Golden Triangle-Prefix.pch */ = {isa = PBXFileReference; lastKnownFileType = sourcecode.c.h; path = "Golden Triangle-Prefix.pch"; sourceTree = "<group>"; };
		A37A608C1847ACF4005CC02C /* en */ = {isa = PBXFileReference; lastKnownFileType = text.rtf; name = en; path = en.lproj/Credits.rtf; sourceTree = "<group>"; };
		A37A60941847ACF4005CC02C /* Images.xcassets */ = {isa = PBXFileReference; lastKnownFileType = folder.assetcatalog; path = Images.xcassets; sourceTree = "<group>"; };
		A37A609A1847ACF4005CC02C /* Golden TriangleTests.xctest */ = {isa = PBXFileReference; explicitFileType = wrapper.cfbundle; includeInIndex = 0; path = "Golden TriangleTests.xctest"; sourceTree = BUILT_PRODUCTS_DIR; };
		A37A609B1847ACF4005CC02C /* XCTest.framework */ = {isa = PBXFileReference; lastKnownFileType = wrapper.framework; name = XCTest.framework; path = Library/Frameworks/XCTest.framework; sourceTree = DEVELOPER_DIR; };
		A37A60A21847ACF4005CC02C /* Golden TriangleTests-Info.plist */ = {isa = PBXFileReference; lastKnownFileType = text.plist.xml; path = "Golden TriangleTests-Info.plist"; sourceTree = "<group>"; };
		A37A60A41847ACF4005CC02C /* en */ = {isa = PBXFileReference; lastKnownFileType = text.plist.strings; name = en; path = en.lproj/InfoPlist.strings; sourceTree = "<group>"; };
		A37A60A61847ACF4005CC02C /* Golden_TriangleTests.m */ = {isa = PBXFileReference; lastKnownFileType = sourcecode.c.objc; path = Golden_TriangleTests.m; sourceTree = "<group>"; };
		A37A60B01847AD03005CC02C /* OpenGL.framework */ = {isa = PBXFileReference; lastKnownFileType = wrapper.framework; name = OpenGL.framework; path = System/Library/Frameworks/OpenGL.framework; sourceTree = SDKROOT; };
/* End PBXFileReference section */

/* Begin PBXFrameworksBuildPhase section */
		A37A60761847ACF4005CC02C /* Frameworks */ = {
			isa = PBXFrameworksBuildPhase;
			buildActionMask = 2147483647;
			files = (
				A33414781866256A00B10BC4 /* libm.dylib in Frameworks */,
				A313CB59185BCF70001D3093 /* GLUT.framework in Frameworks */,
				A37A60B11847AD03005CC02C /* OpenGL.framework in Frameworks */,
				A37A607D1847ACF4005CC02C /* Cocoa.framework in Frameworks */,
			);
			runOnlyForDeploymentPostprocessing = 0;
		};
		A37A60971847ACF4005CC02C /* Frameworks */ = {
			isa = PBXFrameworksBuildPhase;
			buildActionMask = 2147483647;
			files = (
				A37A609D1847ACF4005CC02C /* Cocoa.framework in Frameworks */,
				A37A609C1847ACF4005CC02C /* XCTest.framework in Frameworks */,
			);
			runOnlyForDeploymentPostprocessing = 0;
		};
/* End PBXFrameworksBuildPhase section */

/* Begin PBXGroup section */
		A30CDBB7185800BD0030A085 /* Shader */ = {
			isa = PBXGroup;
			children = (
				A313CB73185E1971001D3093 /* Shader.h */,
				A313CB74185E1971001D3093 /* Shader.m */,
				A313CB65185E18F9001D3093 /* Simple.fs */,
				A313CB66185E18F9001D3093 /* Simple.vs */,
			);
			name = Shader;
			path = "Golden Triangle/Shader";
			sourceTree = "<group>";
		};
		A30CDBC7185818E00030A085 /* Math */ = {
			isa = PBXGroup;
			children = (
				A313CB62185E18E9001D3093 /* Mat4.h */,
				A313CB63185E18E9001D3093 /* Mat4.m */,
			);
			name = Math;
			path = "Golden Triangle";
			sourceTree = "<group>";
		};
		A313CB5A185C0DAF001D3093 /* View */ = {
			isa = PBXGroup;
			children = (
				A313CB5F185E18DF001D3093 /* MyOpenGLView.h */,
				A313CB60185E18DF001D3093 /* MyOpenGLView.m */,
			);
			name = View;
			path = "Golden Triangle";
			sourceTree = "<group>";
		};
		A313CB6D185E1918001D3093 /* ApplicationDelegate */ = {
			isa = PBXGroup;
			children = (
				A313CB6E185E1918001D3093 /* AppDelegate.h */,
				A313CB6F185E1918001D3093 /* AppDelegate.m */,
				A313CB70185E1918001D3093 /* main.m */,
			);
			name = ApplicationDelegate;
			path = "Golden Triangle/ApplicationDelegate";
			sourceTree = "<group>";
		};
		A313CB7D185E266B001D3093 /* Utils */ = {
			isa = PBXGroup;
			children = (
				A313CB85185E282D001D3093 /* GLObject.h */,
				A313CB86185E282D001D3093 /* GLObject.m */,
				A313CB80185E266B001D3093 /* Queue.h */,
				A313CB81185E266B001D3093 /* Queue.m */,
			);
			name = Utils;
			path = "Golden Triangle/Utils";
			sourceTree = "<group>";
		};
		A37A60701847ACF3005CC02C = {
			isa = PBXGroup;
			children = (
				A313CB7D185E266B001D3093 /* Utils */,
				A313CB6D185E1918001D3093 /* ApplicationDelegate */,
				A313CB5A185C0DAF001D3093 /* View */,
				A30CDBC7185818E00030A085 /* Math */,
				A30CDBB7185800BD0030A085 /* Shader */,
				A37A60821847ACF4005CC02C /* Golden Triangle */,
				A37A60A01847ACF4005CC02C /* Golden TriangleTests */,
				A37A607B1847ACF4005CC02C /* Frameworks */,
				A37A607A1847ACF4005CC02C /* Products */,
			);
			sourceTree = "<group>";
		};
		A37A607A1847ACF4005CC02C /* Products */ = {
			isa = PBXGroup;
			children = (
				A37A60791847ACF4005CC02C /* Golden Triangle.app */,
				A37A609A1847ACF4005CC02C /* Golden TriangleTests.xctest */,
			);
			name = Products;
			sourceTree = "<group>";
		};
		A37A607B1847ACF4005CC02C /* Frameworks */ = {
			isa = PBXGroup;
			children = (
				A33414771866256A00B10BC4 /* libm.dylib */,
				A33414751866255300B10BC4 /* libmathCommon.dylib */,
				A313CB58185BCF70001D3093 /* GLUT.framework */,
				A37A60B01847AD03005CC02C /* OpenGL.framework */,
				A37A607C1847ACF4005CC02C /* Cocoa.framework */,
				A37A609B1847ACF4005CC02C /* XCTest.framework */,
				A37A607E1847ACF4005CC02C /* Other Frameworks */,
			);
			name = Frameworks;
			sourceTree = "<group>";
		};
		A37A607E1847ACF4005CC02C /* Other Frameworks */ = {
			isa = PBXGroup;
			children = (
				A37A607F1847ACF4005CC02C /* AppKit.framework */,
				A37A60801847ACF4005CC02C /* CoreData.framework */,
				A37A60811847ACF4005CC02C /* Foundation.framework */,
			);
			name = "Other Frameworks";
			sourceTree = "<group>";
		};
		A37A60821847ACF4005CC02C /* Golden Triangle */ = {
			isa = PBXGroup;
			children = (
				A37A60941847ACF4005CC02C /* Images.xcassets */,
				A37A60831847ACF4005CC02C /* Supporting Files */,
			);
			path = "Golden Triangle";
			sourceTree = "<group>";
		};
		A37A60831847ACF4005CC02C /* Supporting Files */ = {
			isa = PBXGroup;
			children = (
				A313CB78185E1C15001D3093 /* MainMenu.xib */,
				A37A60841847ACF4005CC02C /* Golden Triangle-Info.plist */,
				A37A60851847ACF4005CC02C /* InfoPlist.strings */,
				A37A608A1847ACF4005CC02C /* Golden Triangle-Prefix.pch */,
				A37A608B1847ACF4005CC02C /* Credits.rtf */,
			);
			name = "Supporting Files";
			sourceTree = "<group>";
		};
		A37A60A01847ACF4005CC02C /* Golden TriangleTests */ = {
			isa = PBXGroup;
			children = (
				A313CB88185E3411001D3093 /* TestMat4.m */,
				A37A60A61847ACF4005CC02C /* Golden_TriangleTests.m */,
				A37A60A11847ACF4005CC02C /* Supporting Files */,
			);
			path = "Golden TriangleTests";
			sourceTree = "<group>";
		};
		A37A60A11847ACF4005CC02C /* Supporting Files */ = {
			isa = PBXGroup;
			children = (
				A37A60A21847ACF4005CC02C /* Golden TriangleTests-Info.plist */,
				A37A60A31847ACF4005CC02C /* InfoPlist.strings */,
			);
			name = "Supporting Files";
			sourceTree = "<group>";
		};
/* End PBXGroup section */

/* Begin PBXNativeTarget section */
		A37A60781847ACF4005CC02C /* Golden Triangle */ = {
			isa = PBXNativeTarget;
			buildConfigurationList = A37A60AA1847ACF4005CC02C /* Build configuration list for PBXNativeTarget "Golden Triangle" */;
			buildPhases = (
				A37A60751847ACF4005CC02C /* Sources */,
				A37A60761847ACF4005CC02C /* Frameworks */,
				A37A60771847ACF4005CC02C /* Resources */,
			);
			buildRules = (
			);
			dependencies = (
			);
			name = "Golden Triangle";
			productName = "Golden Triangle";
			productReference = A37A60791847ACF4005CC02C /* Golden Triangle.app */;
			productType = "com.apple.product-type.application";
		};
		A37A60991847ACF4005CC02C /* Golden TriangleTests */ = {
			isa = PBXNativeTarget;
			buildConfigurationList = A37A60AD1847ACF4005CC02C /* Build configuration list for PBXNativeTarget "Golden TriangleTests" */;
			buildPhases = (
				A37A60961847ACF4005CC02C /* Sources */,
				A37A60971847ACF4005CC02C /* Frameworks */,
				A37A60981847ACF4005CC02C /* Resources */,
			);
			buildRules = (
			);
			dependencies = (
				A37A609F1847ACF4005CC02C /* PBXTargetDependency */,
			);
			name = "Golden TriangleTests";
			productName = "Golden TriangleTests";
			productReference = A37A609A1847ACF4005CC02C /* Golden TriangleTests.xctest */;
			productType = "com.apple.product-type.bundle.unit-test";
		};
/* End PBXNativeTarget section */

/* Begin PBXProject section */
		A37A60711847ACF4005CC02C /* Project object */ = {
			isa = PBXProject;
			attributes = {
				LastUpgradeCheck = 0500;
				ORGANIZATIONNAME = "Lucas Campbell";
				TargetAttributes = {
					A37A60991847ACF4005CC02C = {
						TestTargetID = A37A60781847ACF4005CC02C;
					};
				};
			};
			buildConfigurationList = A37A60741847ACF4005CC02C /* Build configuration list for PBXProject "Golden Triangle" */;
			compatibilityVersion = "Xcode 3.2";
			developmentRegion = English;
			hasScannedForEncodings = 0;
			knownRegions = (
				en,
				Base,
			);
			mainGroup = A37A60701847ACF3005CC02C;
			productRefGroup = A37A607A1847ACF4005CC02C /* Products */;
			projectDirPath = "";
			projectRoot = "";
			targets = (
				A37A60781847ACF4005CC02C /* Golden Triangle */,
				A37A60991847ACF4005CC02C /* Golden TriangleTests */,
			);
		};
/* End PBXProject section */

/* Begin PBXResourcesBuildPhase section */
		A37A60771847ACF4005CC02C /* Resources */ = {
			isa = PBXResourcesBuildPhase;
			buildActionMask = 2147483647;
			files = (
				A313CB7B185E1E42001D3093 /* Simple.fs in Resources */,
				A313CB7C185E1E42001D3093 /* Simple.vs in Resources */,
				A313CB7A185E1CE9001D3093 /* MainMenu.xib in Resources */,
				A37A60871847ACF4005CC02C /* InfoPlist.strings in Resources */,
				A37A60951847ACF4005CC02C /* Images.xcassets in Resources */,
				A37A608D1847ACF4005CC02C /* Credits.rtf in Resources */,
			);
			runOnlyForDeploymentPostprocessing = 0;
		};
		A37A60981847ACF4005CC02C /* Resources */ = {
			isa = PBXResourcesBuildPhase;
			buildActionMask = 2147483647;
			files = (
				A37A60A51847ACF4005CC02C /* InfoPlist.strings in Resources */,
			);
			runOnlyForDeploymentPostprocessing = 0;
		};
/* End PBXResourcesBuildPhase section */

/* Begin PBXSourcesBuildPhase section */
		A37A60751847ACF4005CC02C /* Sources */ = {
			isa = PBXSourcesBuildPhase;
			buildActionMask = 2147483647;
			files = (
				A313CB72185E1918001D3093 /* main.m in Sources */,
				A313CB61185E18DF001D3093 /* MyOpenGLView.m in Sources */,
				A313CB87185E282D001D3093 /* GLObject.m in Sources */,
				A313CB75185E1971001D3093 /* Shader.m in Sources */,
				A313CB84185E266B001D3093 /* Queue.m in Sources */,
				A313CB71185E1918001D3093 /* AppDelegate.m in Sources */,
				A313CB64185E18E9001D3093 /* Mat4.m in Sources */,
			);
			runOnlyForDeploymentPostprocessing = 0;
		};
		A37A60961847ACF4005CC02C /* Sources */ = {
			isa = PBXSourcesBuildPhase;
			buildActionMask = 2147483647;
			files = (
				A37A60A71847ACF4005CC02C /* Golden_TriangleTests.m in Sources */,
				A313CB89185E3411001D3093 /* TestMat4.m in Sources */,
			);
			runOnlyForDeploymentPostprocessing = 0;
		};
/* End PBXSourcesBuildPhase section */

/* Begin PBXTargetDependency section */
		A37A609F1847ACF4005CC02C /* PBXTargetDependency */ = {
			isa = PBXTargetDependency;
			target = A37A60781847ACF4005CC02C /* Golden Triangle */;
			targetProxy = A37A609E1847ACF4005CC02C /* PBXContainerItemProxy */;
		};
/* End PBXTargetDependency section */

/* Begin PBXVariantGroup section */
		A37A60851847ACF4005CC02C /* InfoPlist.strings */ = {
			isa = PBXVariantGroup;
			children = (
				A37A60861847ACF4005CC02C /* en */,
			);
			name = InfoPlist.strings;
			sourceTree = "<group>";
		};
		A37A608B1847ACF4005CC02C /* Credits.rtf */ = {
			isa = PBXVariantGroup;
			children = (
				A37A608C1847ACF4005CC02C /* en */,
			);
			name = Credits.rtf;
			sourceTree = "<group>";
		};
		A37A60A31847ACF4005CC02C /* InfoPlist.strings */ = {
			isa = PBXVariantGroup;
			children = (
				A37A60A41847ACF4005CC02C /* en */,
			);
			name = InfoPlist.strings;
			sourceTree = "<group>";
		};
/* End PBXVariantGroup section */

/* Begin XCBuildConfiguration section */
		A37A60A81847ACF4005CC02C /* Debug */ = {
			isa = XCBuildConfiguration;
			buildSettings = {
				ALWAYS_SEARCH_USER_PATHS = NO;
				CLANG_CXX_LANGUAGE_STANDARD = "gnu++0x";
				CLANG_CXX_LIBRARY = "libc++";
				CLANG_ENABLE_OBJC_ARC = YES;
				CLANG_WARN_BOOL_CONVERSION = YES;
				CLANG_WARN_CONSTANT_CONVERSION = YES;
				CLANG_WARN_DIRECT_OBJC_ISA_USAGE = YES_ERROR;
				CLANG_WARN_EMPTY_BODY = YES;
				CLANG_WARN_ENUM_CONVERSION = YES;
				CLANG_WARN_INT_CONVERSION = YES;
				CLANG_WARN_OBJC_ROOT_CLASS = YES_ERROR;
				CLANG_WARN__DUPLICATE_METHOD_MATCH = YES;
				COPY_PHASE_STRIP = NO;
				GCC_C_LANGUAGE_STANDARD = gnu99;
				GCC_DYNAMIC_NO_PIC = NO;
				GCC_ENABLE_OBJC_EXCEPTIONS = YES;
				GCC_OPTIMIZATION_LEVEL = 0;
				GCC_PREPROCESSOR_DEFINITIONS = (
					"DEBUG=1",
					"$(inherited)",
				);
				GCC_SYMBOLS_PRIVATE_EXTERN = NO;
				GCC_WARN_64_TO_32_BIT_CONVERSION = YES;
				GCC_WARN_ABOUT_RETURN_TYPE = YES_ERROR;
				GCC_WARN_UNDECLARED_SELECTOR = YES;
				GCC_WARN_UNINITIALIZED_AUTOS = YES;
				GCC_WARN_UNUSED_FUNCTION = YES;
				GCC_WARN_UNUSED_VARIABLE = YES;
				MACOSX_DEPLOYMENT_TARGET = 10.7;
				ONLY_ACTIVE_ARCH = YES;
				SDKROOT = macosx10.8;
			};
			name = Debug;
		};
		A37A60A91847ACF4005CC02C /* Release */ = {
			isa = XCBuildConfiguration;
			buildSettings = {
				ALWAYS_SEARCH_USER_PATHS = NO;
				CLANG_CXX_LANGUAGE_STANDARD = "gnu++0x";
				CLANG_CXX_LIBRARY = "libc++";
				CLANG_ENABLE_OBJC_ARC = YES;
				CLANG_WARN_BOOL_CONVERSION = YES;
				CLANG_WARN_CONSTANT_CONVERSION = YES;
				CLANG_WARN_DIRECT_OBJC_ISA_USAGE = YES_ERROR;
				CLANG_WARN_EMPTY_BODY = YES;
				CLANG_WARN_ENUM_CONVERSION = YES;
				CLANG_WARN_INT_CONVERSION = YES;
				CLANG_WARN_OBJC_ROOT_CLASS = YES_ERROR;
				CLANG_WARN__DUPLICATE_METHOD_MATCH = YES;
				COPY_PHASE_STRIP = YES;
				DEBUG_INFORMATION_FORMAT = "dwarf-with-dsym";
				ENABLE_NS_ASSERTIONS = NO;
				GCC_C_LANGUAGE_STANDARD = gnu99;
				GCC_ENABLE_OBJC_EXCEPTIONS = YES;
				GCC_WARN_64_TO_32_BIT_CONVERSION = YES;
				GCC_WARN_ABOUT_RETURN_TYPE = YES_ERROR;
				GCC_WARN_UNDECLARED_SELECTOR = YES;
				GCC_WARN_UNINITIALIZED_AUTOS = YES;
				GCC_WARN_UNUSED_FUNCTION = YES;
				GCC_WARN_UNUSED_VARIABLE = YES;
				MACOSX_DEPLOYMENT_TARGET = 10.7;
				SDKROOT = macosx10.8;
			};
			name = Release;
		};
		A37A60AB1847ACF4005CC02C /* Debug */ = {
			isa = XCBuildConfiguration;
			buildSettings = {
				ASSETCATALOG_COMPILER_APPICON_NAME = AppIcon;
				COMBINE_HIDPI_IMAGES = YES;
				GCC_PRECOMPILE_PREFIX_HEADER = YES;
				GCC_PREFIX_HEADER = "Golden Triangle/Golden Triangle-Prefix.pch";
				INFOPLIST_FILE = "Golden Triangle/Golden Triangle-Info.plist";
				LIBRARY_SEARCH_PATHS = (
					"$(inherited)",
					"$(SDKROOT)/usr/lib/system",
				);
				MACOSX_DEPLOYMENT_TARGET = 10.7;
				PRODUCT_NAME = "$(TARGET_NAME)";
				WRAPPER_EXTENSION = app;
			};
			name = Debug;
		};
		A37A60AC1847ACF4005CC02C /* Release */ = {
			isa = XCBuildConfiguration;
			buildSettings = {
				ASSETCATALOG_COMPILER_APPICON_NAME = AppIcon;
				COMBINE_HIDPI_IMAGES = YES;
				GCC_PRECOMPILE_PREFIX_HEADER = YES;
				GCC_PREFIX_HEADER = "Golden Triangle/Golden Triangle-Prefix.pch";
				INFOPLIST_FILE = "Golden Triangle/Golden Triangle-Info.plist";
				LIBRARY_SEARCH_PATHS = (
					"$(inherited)",
					"$(SDKROOT)/usr/lib/system",
				);
				MACOSX_DEPLOYMENT_TARGET = 10.7;
				PRODUCT_NAME = "$(TARGET_NAME)";
				WRAPPER_EXTENSION = app;
			};
			name = Release;
		};
		A37A60AE1847ACF4005CC02C /* Debug */ = {
			isa = XCBuildConfiguration;
			buildSettings = {
				BUNDLE_LOADER = "$(BUILT_PRODUCTS_DIR)/Golden Triangle.app/Contents/MacOS/Golden Triangle";
				COMBINE_HIDPI_IMAGES = YES;
				FRAMEWORK_SEARCH_PATHS = (
					"$(DEVELOPER_FRAMEWORKS_DIR)",
					"$(inherited)",
				);
				GCC_PRECOMPILE_PREFIX_HEADER = YES;
				GCC_PREFIX_HEADER = "Golden Triangle/Golden Triangle-Prefix.pch";
				GCC_PREPROCESSOR_DEFINITIONS = (
					"DEBUG=1",
					"$(inherited)",
				);
				INFOPLIST_FILE = "Golden TriangleTests/Golden TriangleTests-Info.plist";
				PRODUCT_NAME = "$(TARGET_NAME)";
				TEST_HOST = "$(BUNDLE_LOADER)";
				WRAPPER_EXTENSION = xctest;
			};
			name = Debug;
		};
		A37A60AF1847ACF4005CC02C /* Release */ = {
			isa = XCBuildConfiguration;
			buildSettings = {
				BUNDLE_LOADER = "$(BUILT_PRODUCTS_DIR)/Golden Triangle.app/Contents/MacOS/Golden Triangle";
				COMBINE_HIDPI_IMAGES = YES;
				FRAMEWORK_SEARCH_PATHS = (
					"$(DEVELOPER_FRAMEWORKS_DIR)",
					"$(inherited)",
				);
				GCC_PRECOMPILE_PREFIX_HEADER = YES;
				GCC_PREFIX_HEADER = "Golden Triangle/Golden Triangle-Prefix.pch";
				INFOPLIST_FILE = "Golden TriangleTests/Golden TriangleTests-Info.plist";
				PRODUCT_NAME = "$(TARGET_NAME)";
				TEST_HOST = "$(BUNDLE_LOADER)";
				WRAPPER_EXTENSION = xctest;
			};
			name = Release;
		};
/* End XCBuildConfiguration section */

/* Begin XCConfigurationList section */
		A37A60741847ACF4005CC02C /* Build configuration list for PBXProject "Golden Triangle" */ = {
			isa = XCConfigurationList;
			buildConfigurations = (
				A37A60A81847ACF4005CC02C /* Debug */,
				A37A60A91847ACF4005CC02C /* Release */,
			);
			defaultConfigurationIsVisible = 0;
			defaultConfigurationName = Release;
		};
		A37A60AA1847ACF4005CC02C /* Build configuration list for PBXNativeTarget "Golden Triangle" */ = {
			isa = XCConfigurationList;
			buildConfigurations = (
				A37A60AB1847ACF4005CC02C /* Debug */,
				A37A60AC1847ACF4005CC02C /* Release */,
			);
			defaultConfigurationIsVisible = 0;
			defaultConfigurationName = Release;
		};
		A37A60AD1847ACF4005CC02C /* Build configuration list for PBXNativeTarget "Golden TriangleTests" */ = {
			isa = XCConfigurationList;
			buildConfigurations = (
				A37A60AE1847ACF4005CC02C /* Debug */,
				A37A60AF1847ACF4005CC02C /* Release */,
			);
			defaultConfigurationIsVisible = 0;
			defaultConfigurationName = Release;
		};
/* End XCConfigurationList section */
	};
	rootObject = A37A60711847ACF4005CC02C /* Project object */;
}
